{
  "nodes": {
    "fishPlugins-done": {
      "flake": false,
      "locked": {
        "lastModified": 1618251766,
        "narHash": "sha256-NFysKzRZgDXXZW/sUlZNu7ZpMCKwbjAhIfspSK3UqCY=",
        "owner": "franciscolourenco",
        "repo": "done",
        "rev": "8fd2bc5c95a93b65452281459a167f1bbfb58990",
        "type": "github"
      },
      "original": {
        "owner": "franciscolourenco",
        "repo": "done",
        "type": "github"
      }
    },
    "fishPlugins-pure": {
      "flake": false,
      "locked": {
        "lastModified": 1616407147,
        "narHash": "sha256-60NKbQurOxqjnXmluDCh+C/b/z52IYK2g4CeZASWyJk=",
        "owner": "pure-fish",
        "repo": "pure",
        "rev": "9d17b2780165572bc6c181cd0e7c5d6dd13be5c1",
        "type": "github"
      },
      "original": {
        "owner": "pure-fish",
        "repo": "pure",
        "type": "github"
      }
    },
    "home-manager": {
      "inputs": {
        "nixpkgs": [
          "nixpkgs"
        ]
      },
      "locked": {
        "lastModified": 1619330208,
        "narHash": "sha256-l2Ci3ZPsdjMoWtRdTEQQBOkYUisKYxfjeUs5QCTtuEY=",
        "owner": "nix-community",
        "repo": "home-manager",
        "rev": "827636c619ce0d8178ddc08ab86ee92b50f2e5b4",
        "type": "github"
      },
      "original": {
        "owner": "nix-community",
        "ref": "master",
        "repo": "home-manager",
        "type": "github"
      }
    },
    "kakounePlugins-kakboard": {
      "flake": false,
      "locked": {
        "lastModified": 1588988748,
        "narHash": "sha256-bVMZT4uQs765zjMAhDU2IRoBQcYHZeUtzQl4ILZeds8=",
        "owner": "lePerdu",
        "repo": "kakboard",
        "rev": "2f13f5cd99591b76ad5cba230815b80138825120",
        "type": "github"
      },
      "original": {
        "owner": "lePerdu",
        "repo": "kakboard",
        "type": "github"
      }
    },
    "kakounePlugins-lsp": {
      "flake": false,
      "locked": {
        "lastModified": 1618949653,
        "narHash": "sha256-YeyJRv2S9qX+T8hJAEeChr6d0IsWppD22pBjS2qYtas=",
        "owner": "kak-lsp",
        "repo": "kak-lsp",
        "rev": "bede65f15eb3552a46279c18b0c5036a5ff078e7",
        "type": "github"
      },
      "original": {
        "owner": "kak-lsp",
        "repo": "kak-lsp",
        "type": "github"
      }
    },
    "kakounePlugins-rainbow": {
      "flake": false,
      "locked": {
        "lastModified": 1615115950,
        "narHash": "sha256-LpG6LsY5GLRlzZtXPsdyxUH5mv9o4ODE7NNKlXtNp8M=",
        "owner": "JJK96",
        "repo": "kakoune-rainbow",
        "rev": "63097fbf478217f8b5aa4f85eaa26c95d7c5243e",
        "type": "github"
      },
      "original": {
        "owner": "JJK96",
        "repo": "kakoune-rainbow",
        "type": "github"
      }
    },
    "kakounePlugins-surround": {
      "flake": false,
      "locked": {
        "lastModified": 1537174588,
        "narHash": "sha256-0PicMTkYRnhtrFAMWVgynE4HfoL9/EHZIu4rTSE+zSU=",
        "owner": "h-youhei",
        "repo": "kakoune-surround",
        "rev": "efe74c6f434d1e30eff70d4b0d737f55bf6c5022",
        "type": "github"
      },
      "original": {
        "owner": "h-youhei",
        "repo": "kakoune-surround",
        "type": "github"
      }
    },
    "nixos-hardware": {
      "locked": {
        "lastModified": 1619336929,
        "narHash": "sha256-joIC2D26jtSbHodR/o8r+5T9XL2hXs6NIp5mVyA4JOc=",
        "owner": "nixos",
        "repo": "nixos-hardware",
        "rev": "f7540d6c27704ec0fe56ecc8b2a9b663181850b0",
        "type": "github"
      },
      "original": {
        "owner": "nixos",
        "ref": "master",
        "repo": "nixos-hardware",
        "type": "github"
      }
    },
    "nixpkgs": {
      "locked": {
        "lastModified": 1619446560,
        "narHash": "sha256-R9iG5d1ORvho5UlyEUsX8Nu1cnCV+YtWEHlWlqftaQo=",
        "owner": "nixos",
        "repo": "nixpkgs",
        "rev": "32f7980afb5e33f1e078a51e715b9f102f396a69",
        "type": "github"
      },
      "original": {
        "owner": "nixos",
        "ref": "nixpkgs-unstable",
        "repo": "nixpkgs",
        "type": "github"
      }
    },
    "root": {
      "inputs": {
        "fishPlugins-done": "fishPlugins-done",
        "fishPlugins-pure": "fishPlugins-pure",
        "home-manager": "home-manager",
        "kakounePlugins-kakboard": "kakounePlugins-kakboard",
        "kakounePlugins-lsp": "kakounePlugins-lsp",
        "kakounePlugins-rainbow": "kakounePlugins-rainbow",
        "kakounePlugins-surround": "kakounePlugins-surround",
        "nixos-hardware": "nixos-hardware",
        "nixpkgs": "nixpkgs"
      }
    }
  },
  "root": "root",
  "version": 7
}
