{
  "nodes": {
    "home-manager": {
      "inputs": {
        "nixpkgs": [
          "nixpkgs"
        ]
      },
      "locked": {
        "lastModified": 1600810013,
        "narHash": "sha256-Zcvg0/ot+EfV1fOdUF0G/GY2zBq76ksv92cpa2E2xvk=",
        "owner": "nix-community",
        "repo": "home-manager",
        "rev": "a6a3abb295777b1d3ac1ca7f2d47bd0daf7f9638",
        "type": "github"
      },
      "original": {
        "owner": "nix-community",
        "ref": "master",
        "repo": "home-manager",
        "type": "github"
      }
    },
    "nixos-hardware": {
      "locked": {
        "lastModified": 1600019032,
        "narHash": "sha256-o/PxAWx2O85NyQRDuhZ5QbAACA5yyglmA7hN9GSI27g=",
        "owner": "nixos",
        "repo": "nixos-hardware",
        "rev": "684eaddf74109b2bedb8b585a25714eb9ea5c54e",
        "type": "github"
      },
      "original": {
        "owner": "nixos",
        "ref": "master",
        "repo": "nixos-hardware",
        "type": "github"
      }
    },
    "nixpkgs": {
      "locked": {
        "lastModified": 1600387253,
        "narHash": "sha256-WtdpHuiunPF9QMlcXrWJkESuIjSSjP9WMOKvYQS/D7M=",
        "owner": "nixos",
        "repo": "nixpkgs",
        "rev": "72b9660dc18ba347f7cd41a9504fc181a6d87dc3",
        "type": "github"
      },
      "original": {
        "owner": "nixos",
        "ref": "nixpkgs-unstable",
        "repo": "nixpkgs",
        "type": "github"
      }
    },
    "root": {
      "inputs": {
        "home-manager": "home-manager",
        "nixos-hardware": "nixos-hardware",
        "nixpkgs": "nixpkgs"
      }
    }
  },
  "root": "root",
  "version": 7
}
